
Microsoft Visual Studio Solution File, Format Version 12.00
Project("{F2A71F9B-5D33-465A-A702-920D77279786}") = "FsharpWebApi", "FsharpWebApi\FsharpWebApi.fsproj", "{614045F4-7EB5-40E9-99D2-7AEAB22A1565}"
EndProject
Global
	GlobalSection(SolutionConfigurationPlatforms) = preSolution
		Debug|Any CPU = Debug|Any CPU
		Release|Any CPU = Release|Any CPU
	EndGlobalSection
	GlobalSection(ProjectConfigurationPlatforms) = postSolution
		{614045F4-7EB5-40E9-99D2-7AEAB22A1565}.Debug|Any CPU.ActiveCfg = Debug|Any CPU
		{614045F4-7EB5-40E9-99D2-7AEAB22A1565}.Debug|Any CPU.Build.0 = Debug|Any CPU
		{614045F4-7EB5-40E9-99D2-7AEAB22A1565}.Release|Any CPU.ActiveCfg = Release|Any CPU
		{614045F4-7EB5-40E9-99D2-7AEAB22A1565}.Release|Any CPU.Build.0 = Release|Any CPU
	EndGlobalSection
EndGlobal
